
Microsoft Visual Studio Solution File, Format Version 12.00
# Visual Studio Version 16
VisualStudioVersion = 16.0.29009.5
MinimumVisualStudioVersion = 10.0.40219.1
Project("{FAE04EC0-301F-11D3-BF4B-00C04F79EFBC}") = "RPSLS", "RPSLS\RPSLS.csproj", "{46067EAE-C790-4E9C-AEB4-5A283D506C94}"
EndProject
Global
	GlobalSection(SolutionConfigurationPlatforms) = preSolution
		Debug|Any CPU = Debug|Any CPU
		Release|Any CPU = Release|Any CPU
	EndGlobalSection
	GlobalSection(ProjectConfigurationPlatforms) = postSolution
		{46067EAE-C790-4E9C-AEB4-5A283D506C94}.Debug|Any CPU.ActiveCfg = Debug|Any CPU
		{46067EAE-C790-4E9C-AEB4-5A283D506C94}.Debug|Any CPU.Build.0 = Debug|Any CPU
		{46067EAE-C790-4E9C-AEB4-5A283D506C94}.Release|Any CPU.ActiveCfg = Release|Any CPU
		{46067EAE-C790-4E9C-AEB4-5A283D506C94}.Release|Any CPU.Build.0 = Release|Any CPU
	EndGlobalSection
	GlobalSection(SolutionProperties) = preSolution
		HideSolutionNode = FALSE
	EndGlobalSection
	GlobalSection(ExtensibilityGlobals) = postSolution
		SolutionGuid = {BB1B4926-1845-4663-8ADB-0931695A5CF1}
	EndGlobalSection
EndGlobal
